
Microsoft Visual Studio Solution File, Format Version 12.00
# Visual Studio Version 17
VisualStudioVersion = 17.7.34024.191
MinimumVisualStudioVersion = 10.0.40219.1
Project("{9A19103F-16F7-4668-BE54-9A1E7A4F7556}") = "StorageAppMvc", "StorageAppMvc\StorageAppMvc.csproj", "{B4446280-50E0-4051-BA81-F4D8B008DBD5}"
EndProject
Project("{9A19103F-16F7-4668-BE54-9A1E7A4F7556}") = "StorageApi", "StorageApi\StorageApi.csproj", "{874F8479-4469-4265-8A76-E7EF1383B438}"
EndProject
Project("{FAE04EC0-301F-11D3-BF4B-00C04F79EFBC}") = "Domain", "Domain\Domain.csproj", "{77214D33-1125-4309-8CA2-F44BFACC7ECE}"
EndProject
Global
	GlobalSection(SolutionConfigurationPlatforms) = preSolution
		Debug|Any CPU = Debug|Any CPU
		Release|Any CPU = Release|Any CPU
	EndGlobalSection
	GlobalSection(ProjectConfigurationPlatforms) = postSolution
		{B4446280-50E0-4051-BA81-F4D8B008DBD5}.Debug|Any CPU.ActiveCfg = Debug|Any CPU
		{B4446280-50E0-4051-BA81-F4D8B008DBD5}.Debug|Any CPU.Build.0 = Debug|Any CPU
		{B4446280-50E0-4051-BA81-F4D8B008DBD5}.Release|Any CPU.ActiveCfg = Release|Any CPU
		{B4446280-50E0-4051-BA81-F4D8B008DBD5}.Release|Any CPU.Build.0 = Release|Any CPU
		{874F8479-4469-4265-8A76-E7EF1383B438}.Debug|Any CPU.ActiveCfg = Debug|Any CPU
		{874F8479-4469-4265-8A76-E7EF1383B438}.Debug|Any CPU.Build.0 = Debug|Any CPU
		{874F8479-4469-4265-8A76-E7EF1383B438}.Release|Any CPU.ActiveCfg = Release|Any CPU
		{874F8479-4469-4265-8A76-E7EF1383B438}.Release|Any CPU.Build.0 = Release|Any CPU
		{77214D33-1125-4309-8CA2-F44BFACC7ECE}.Debug|Any CPU.ActiveCfg = Debug|Any CPU
		{77214D33-1125-4309-8CA2-F44BFACC7ECE}.Debug|Any CPU.Build.0 = Debug|Any CPU
		{77214D33-1125-4309-8CA2-F44BFACC7ECE}.Release|Any CPU.ActiveCfg = Release|Any CPU
		{77214D33-1125-4309-8CA2-F44BFACC7ECE}.Release|Any CPU.Build.0 = Release|Any CPU
	EndGlobalSection
	GlobalSection(SolutionProperties) = preSolution
		HideSolutionNode = FALSE
	EndGlobalSection
	GlobalSection(ExtensibilityGlobals) = postSolution
		SolutionGuid = {EA81166E-0248-4826-A142-CCE90620AAE8}
	EndGlobalSection
EndGlobal
